<?xml version="1.0" encoding="utf-8"?>
<Project ToolsVersion="4.0" xmlns="http://schemas.microsoft.com/developer/msbuild/2003">
  <ItemGroup>
    <Filter Include="Source Files">
      <UniqueIdentifier>{4FC737F1-C7A5-4376-A066-2A32D752A2FF}</UniqueIdentifier>
      <Extensions>cpp;c;cc;cxx;c++;cppm;ixx;def;odl;idl;hpj;bat;asm;asmx</Extensions>
    </Filter>
    <Filter Include="Header Files">
      <UniqueIdentifier>{93995380-89BD-4b04-88EB-625FBE52EBFB}</UniqueIdentifier>
      <Extensions>h;hh;hpp;hxx;h++;hm;inl;inc;ipp;xsd</Extensions>
    </Filter>
    <Filter Include="Resource Files">
      <UniqueIdentifier>{67DA6AB6-F800-4c08-8B7A-83BB121AAD01}</UniqueIdentifier>
      <Extensions>rc;ico;cur;bmp;dlg;rc2;rct;bin;rgs;gif;jpg;jpeg;jpe;resx;tiff;tif;png;wav;mfcribbon-ms</Extensions>
    </Filter>
    <Filter Include="kdmapper">
      <UniqueIdentifier>{5a264b29-d231-45aa-942d-7a49ae1c7ad6}</UniqueIdentifier>
    </Filter>
    <Filter Include="btbdcleaner">
      <UniqueIdentifier>{aa900d55-b67b-4a96-a515-c824bccfb63f}</UniqueIdentifier>
    </Filter>
    <Filter Include="drivers">
      <UniqueIdentifier>{8d043695-a998-45a5-863f-31c3e31b5d65}</UniqueIdentifier>
    </Filter>
  </ItemGroup>
  <ItemGroup>
    <ClCompile Include="Drk.pub_crack.cpp">
      <Filter>Source Files</Filter>
    </ClCompile>
    <ClCompile Include="utils.cpp">
      <Filter>kdmapper</Filter>
    </ClCompile>
    <ClCompile Include="service.cpp">
      <Filter>kdmapper</Filter>
    </ClCompile>
    <ClCompile Include="portable_executable.cpp">
      <Filter>kdmapper</Filter>
    </ClCompile>
    <ClCompile Include="kdmapper.cpp">
      <Filter>kdmapper</Filter>
    </ClCompile>
    <ClCompile Include="intel_driver.cpp">
      <Filter>kdmapper</Filter>
    </ClCompile>
    <ClCompile Include="util.c">
      <Filter>btbdcleaner</Filter>
    </ClCompile>
    <ClCompile Include="clean.c">
      <Filter>btbdcleaner</Filter>
    </ClCompile>
  </ItemGroup>
  <ItemGroup>
    <ClInclude Include="utils.hpp">
      <Filter>kdmapper</Filter>
    </ClInclude>
    <ClInclude Include="portable_executable.hpp">
      <Filter>kdmapper</Filter>
    </ClInclude>
    <ClInclude Include="nt.hpp">
      <Filter>kdmapper</Filter>
    </ClInclude>
    <ClInclude Include="kdmapper.hpp">
      <Filter>kdmapper</Filter>
    </ClInclude>
    <ClInclude Include="intel_driver_resource.hpp">
      <Filter>kdmapper</Filter>
    </ClInclude>
    <ClInclude Include="intel_driver.hpp">
      <Filter>kdmapper</Filter>
    </ClInclude>
    <ClInclude Include="service.hpp">
      <Filter>kdmapper</Filter>
    </ClInclude>
    <ClInclude Include="stdafx.h">
      <Filter>btbdcleaner</Filter>
    </ClInclude>
    <ClInclude Include="util.h">
      <Filter>btbdcleaner</Filter>
    </ClInclude>
    <ClInclude Include="driver_eac.h">
      <Filter>drivers</Filter>
    </ClInclude>
    <ClInclude Include="driver_be.h">
      <Filter>drivers</Filter>
    </ClInclude>
  </ItemGroup>
</Project>